
Microsoft Visual Studio Solution File, Format Version 12.00
# Visual Studio Version 17
VisualStudioVersion = 17.4.33213.308
MinimumVisualStudioVersion = 10.0.40219.1
Project("{FAE04EC0-301F-11D3-BF4B-00C04F79EFBC}") = "BoxPacker", "BoxPacker.csproj", "{CFE09AFB-F0C4-40A2-A363-7B2E6A258C34}"
EndProject
Global
	GlobalSection(SolutionConfigurationPlatforms) = preSolution
		Debug|Any CPU = Debug|Any CPU
		Release|Any CPU = Release|Any CPU
	EndGlobalSection
	GlobalSection(ProjectConfigurationPlatforms) = postSolution
		{CFE09AFB-F0C4-40A2-A363-7B2E6A258C34}.Debug|Any CPU.ActiveCfg = Debug|Any CPU
		{CFE09AFB-F0C4-40A2-A363-7B2E6A258C34}.Debug|Any CPU.Build.0 = Debug|Any CPU
		{CFE09AFB-F0C4-40A2-A363-7B2E6A258C34}.Release|Any CPU.ActiveCfg = Release|Any CPU
		{CFE09AFB-F0C4-40A2-A363-7B2E6A258C34}.Release|Any CPU.Build.0 = Release|Any CPU
	EndGlobalSection
	GlobalSection(SolutionProperties) = preSolution
		HideSolutionNode = FALSE
	EndGlobalSection
	GlobalSection(ExtensibilityGlobals) = postSolution
		SolutionGuid = {1C2DBD98-1A18-4583-9646-627B55F444B8}
	EndGlobalSection
EndGlobal
